
Microsoft Visual Studio Solution File, Format Version 12.00
# Visual Studio 15
VisualStudioVersion = 15.0.27428.2015
MinimumVisualStudioVersion = 10.0.40219.1
Project("{FAE04EC0-301F-11D3-BF4B-00C04F79EFBC}") = "MobaCoinNep5", "MobaCoinNep5\MobaCoinNep5.csproj", "{9555BAC7-F392-4C2B-8704-59C1FC63D61A}"
EndProject
Global
	GlobalSection(SolutionConfigurationPlatforms) = preSolution
		Debug|Any CPU = Debug|Any CPU
		Release|Any CPU = Release|Any CPU
	EndGlobalSection
	GlobalSection(ProjectConfigurationPlatforms) = postSolution
		{9555BAC7-F392-4C2B-8704-59C1FC63D61A}.Debug|Any CPU.ActiveCfg = Debug|Any CPU
		{9555BAC7-F392-4C2B-8704-59C1FC63D61A}.Debug|Any CPU.Build.0 = Debug|Any CPU
		{9555BAC7-F392-4C2B-8704-59C1FC63D61A}.Release|Any CPU.ActiveCfg = Release|Any CPU
		{9555BAC7-F392-4C2B-8704-59C1FC63D61A}.Release|Any CPU.Build.0 = Release|Any CPU
	EndGlobalSection
	GlobalSection(SolutionProperties) = preSolution
		HideSolutionNode = FALSE
	EndGlobalSection
	GlobalSection(ExtensibilityGlobals) = postSolution
		SolutionGuid = {22202AD1-5CF1-473A-8B3D-FD26F298ADE4}
	EndGlobalSection
EndGlobal
